
Microsoft Visual Studio Solution File, Format Version 12.00
# Visual Studio Version 17
VisualStudioVersion = 17.11.35312.102
MinimumVisualStudioVersion = 10.0.40219.1
Project("{FAE04EC0-301F-11D3-BF4B-00C04F79EFBC}") = "InventoryCheckPlatform", "InventoryCheckPlatform\InventoryCheckPlatform.csproj", "{F6C585FC-EC2E-405E-8956-5EE964EBB4A3}"
EndProject
Global
	GlobalSection(SolutionConfigurationPlatforms) = preSolution
		Debug|Any CPU = Debug|Any CPU
		Release|Any CPU = Release|Any CPU
	EndGlobalSection
	GlobalSection(ProjectConfigurationPlatforms) = postSolution
		{F6C585FC-EC2E-405E-8956-5EE964EBB4A3}.Debug|Any CPU.ActiveCfg = Debug|Any CPU
		{F6C585FC-EC2E-405E-8956-5EE964EBB4A3}.Debug|Any CPU.Build.0 = Debug|Any CPU
		{F6C585FC-EC2E-405E-8956-5EE964EBB4A3}.Release|Any CPU.ActiveCfg = Release|Any CPU
		{F6C585FC-EC2E-405E-8956-5EE964EBB4A3}.Release|Any CPU.Build.0 = Release|Any CPU
	EndGlobalSection
	GlobalSection(SolutionProperties) = preSolution
		HideSolutionNode = FALSE
	EndGlobalSection
	GlobalSection(ExtensibilityGlobals) = postSolution
		SolutionGuid = {20381A4A-B0A1-4C8E-B095-FA4AEFD3A2E0}
	EndGlobalSection
EndGlobal
